// !$*UTF8*$!
{
	archiveVersion = 1;
	classes = {
	};
	objectVersion = 77;
	objects = {

/* Begin PBXBuildFile section */
		028525730B588887B78ED390 /* AssetSizeProvider.swift in Sources */ = {isa = PBXBuildFile; fileRef = 7B632CEF701ED1C6442BB4BF /* AssetSizeProvider.swift */; };
		042F5E4296C65CFA5E2055D3 /* ContentFingerprintTests.swift in Sources */ = {isa = PBXBuildFile; fileRef = 3C376C12DF3E6CB22CBF9FD5 /* ContentFingerprintTests.swift */; };
		0CF46D5C23D0966DC2874C56 /* CandidateBuckets.swift in Sources */ = {isa = PBXBuildFile; fileRef = 500A8B5DAAC6C788646AC806 /* CandidateBuckets.swift */; };
		102A364614DB97CDDDAFFF4E /* ContactsPermissionService.swift in Sources */ = {isa = PBXBuildFile; fileRef = 36BC1A1097EB647693501776 /* ContactsPermissionService.swift */; };
		23D8E7E50A3F964C11878C4E /* PhotoKitContentFingerprinter.swift in Sources */ = {isa = PBXBuildFile; fileRef = 22885AA788B579D39A49ABA3 /* PhotoKitContentFingerprinter.swift */; };
		2555162948995CBCC4640006 /* PhotoAnalysisInstrumentation.swift in Sources */ = {isa = PBXBuildFile; fileRef = 4A77729FA13A1CE1366F5B9D /* PhotoAnalysisInstrumentation.swift */; };
		323262842FBCDF9A4A23C87B /* BestPhotoScoring.swift in Sources */ = {isa = PBXBuildFile; fileRef = 7CD17CC7FB81BFD5B3B93A0E /* BestPhotoScoring.swift */; };
		353CC60BFD994FBED3D16739 /* CatalogScanState.swift in Sources */ = {isa = PBXBuildFile; fileRef = 14AEB207B447845D11F9DEDF /* CatalogScanState.swift */; };
		366EE930F5E2B80BCF0FBDD4 /* PermissionTypes.swift in Sources */ = {isa = PBXBuildFile; fileRef = D202FD6123AE5CF299B9590F /* PermissionTypes.swift */; };
		38772CABF1097FEFE2E41A21 /* DeletionState.swift in Sources */ = {isa = PBXBuildFile; fileRef = 1D0321EF7CA5B8B4470112DB /* DeletionState.swift */; };
		3935CD5A17EEB98A2D2898B7 /* FeaturePrintTests.swift in Sources */ = {isa = PBXBuildFile; fileRef = 414C49886FBC1A85F0F7FE2C /* FeaturePrintTests.swift */; };
		3A44991E78E838146F3F89C9 /* PhotoSelectionModelTests.swift in Sources */ = {isa = PBXBuildFile; fileRef = 51FDA2CDBFB20CE5195B1A76 /* PhotoSelectionModelTests.swift */; };
		3D476B0B56472175CC7A0E2E /* AppFlowState.swift in Sources */ = {isa = PBXBuildFile; fileRef = 4E449B11B0B1BC422B08AF14 /* AppFlowState.swift */; };
		3EA190358D3FCF453FF34CB2 /* SimilarPhotosFlowTests.swift in Sources */ = {isa = PBXBuildFile; fileRef = 40CAC5C0C03A90EA94BA1A13 /* SimilarPhotosFlowTests.swift */; };
		462AD510CB428CD390BCCBA3 /* DeletionPlanner.swift in Sources */ = {isa = PBXBuildFile; fileRef = B1E2A1C0855CA25170E0A43D /* DeletionPlanner.swift */; };
		4FB24556E97BD5EF9EE428F0 /* PhotoAssetRecord.swift in Sources */ = {isa = PBXBuildFile; fileRef = 25260E35251723605222E84D /* PhotoAssetRecord.swift */; };
		51A21AFD35657F7D8E6B2366 /* VisionPhotoFeatureExtractorTests.swift in Sources */ = {isa = PBXBuildFile; fileRef = 4182805472F9FBB0BA7646FC /* VisionPhotoFeatureExtractorTests.swift */; };
		525D7C3186D16C9F4FD48788 /* PhotoKitThumbnailLoaderTests.swift in Sources */ = {isa = PBXBuildFile; fileRef = AC5F3EE89D5A9D59F323B80A /* PhotoKitThumbnailLoaderTests.swift */; };
		53312A98ED4CC7E9E5489D01 /* PhotoThumbnailView.swift in Sources */ = {isa = PBXBuildFile; fileRef = C4CCD35607D150B656BA4392 /* PhotoThumbnailView.swift */; };
		54D57675D54EDADE8C8997FE /* CleanupCategory.swift in Sources */ = {isa = PBXBuildFile; fileRef = E1D60DA68E726F32FE29F9ED /* CleanupCategory.swift */; };
		551F4EB5F30AFDB83F7D323D /* FoundationTests.swift in Sources */ = {isa = PBXBuildFile; fileRef = AF585D09B7C82CD64963379A /* FoundationTests.swift */; };
		605D6C5F0E89DB24302114E6 /* DashboardView.swift in Sources */ = {isa = PBXBuildFile; fileRef = 4BF2EAEE97F67E474801542C /* DashboardView.swift */; };
		60DDF322DF698CA658F87958 /* FeaturePrint.swift in Sources */ = {isa = PBXBuildFile; fileRef = FB4D47BF1817B180CFFDF486 /* FeaturePrint.swift */; };
		62B243344AEB07EB95519181 /* Assets.xcassets in Resources */ = {isa = PBXBuildFile; fileRef = 506C282CBE3E31B208667CEC /* Assets.xcassets */; };
		63CC983A98F1C062F6FC111F /* SimilarPhotoGroupRow.swift in Sources */ = {isa = PBXBuildFile; fileRef = 998225ABFF03688423C72365 /* SimilarPhotoGroupRow.swift */; };
		6BDF0396CCFC385DB76C2FE9 /* DeletionPlan.swift in Sources */ = {isa = PBXBuildFile; fileRef = 2D4A3D3599E58D56494B43CC /* DeletionPlan.swift */; };
		717F21B31FD0CBD2CDEE6999 /* StorageProvider.swift in Sources */ = {isa = PBXBuildFile; fileRef = 64FCCD23E5A31301B125E973 /* StorageProvider.swift */; };
		74D3FA254BA920E7D9B8C705 /* ThumbnailStoreTests.swift in Sources */ = {isa = PBXBuildFile; fileRef = EBE3A4CE30F4416BF49C15E8 /* ThumbnailStoreTests.swift */; };
		74F1BBBD525AD06A67D46A68 /* PhotoFeatureExtractor.swift in Sources */ = {isa = PBXBuildFile; fileRef = 3A199F5C27A8B05DE17D006B /* PhotoFeatureExtractor.swift */; };
		7CEECDE1FDEE628D8897453F /* PreviewData.swift in Sources */ = {isa = PBXBuildFile; fileRef = 915A8A98769292540909E275 /* PreviewData.swift */; };
		8209B7AD451247E9771C0B88 /* PhotoDetailView.swift in Sources */ = {isa = PBXBuildFile; fileRef = 84AADD4415ED6A64E9AB8BFE /* PhotoDetailView.swift */; };
		85D968C92D0661B8EB23A30B /* PrivacyInfo.xcprivacy in Resources */ = {isa = PBXBuildFile; fileRef = AE519B787BA6F89B1633FEE2 /* PrivacyInfo.xcprivacy */; };
		869B8617D698F3EAD625B40D /* PendingPhotoRequest.swift in Sources */ = {isa = PBXBuildFile; fileRef = 17F429B710E347326529434D /* PendingPhotoRequest.swift */; };
		87B6E0E2B637D9972ACC06A7 /* SimilarityGroupingTests.swift in Sources */ = {isa = PBXBuildFile; fileRef = 3F868C13A2E5CFCE085D446B /* SimilarityGroupingTests.swift */; };
		8E940160B2FE43C6B2BA197B /* ReviewSelectionView.swift in Sources */ = {isa = PBXBuildFile; fileRef = 668B4D6E0B71B9D844D2E4B2 /* ReviewSelectionView.swift */; };
		91259EE930151B42586986EC /* PendingPhotoRequestTests.swift in Sources */ = {isa = PBXBuildFile; fileRef = B1053E09D9E26BB566294829 /* PendingPhotoRequestTests.swift */; };
		914B70BFB07AFEA3E367AAE2 /* PhotoKitThumbnailLoader.swift in Sources */ = {isa = PBXBuildFile; fileRef = C940CC912C8193F903920986 /* PhotoKitThumbnailLoader.swift */; };
		91B69BFAC804F27BEBB3F95E /* DeletionPlanTests.swift in Sources */ = {isa = PBXBuildFile; fileRef = 76F7818E681D32F084ECD5E2 /* DeletionPlanTests.swift */; };
		9FBC898B86364B0DDF3288F8 /* SimilarPhotosPresentation.swift in Sources */ = {isa = PBXBuildFile; fileRef = 619C162A4F1D1818F86968BE /* SimilarPhotosPresentation.swift */; };
		A0F1B4C56AB218E88651928C /* PhotoSimilarityEngine.swift in Sources */ = {isa = PBXBuildFile; fileRef = B16504B05A053CB11CE11431 /* PhotoSimilarityEngine.swift */; };
		AAC3802F2BF3979F4A7712AA /* ScanResultSummary.swift in Sources */ = {isa = PBXBuildFile; fileRef = A42507B99358B78FF150FFE1 /* ScanResultSummary.swift */; };
		AD0F17C6DC169E94352EBD92 /* ContentFingerprint.swift in Sources */ = {isa = PBXBuildFile; fileRef = FE1A5B6D2B3430AA64C823B2 /* ContentFingerprint.swift */; };
		AF286A62520DEA1094121F7C /* Theme.swift in Sources */ = {isa = PBXBuildFile; fileRef = 09642FE6A1B0F2A3193A82BF /* Theme.swift */; };
		B5DEE3E76AA55C9AC5976712 /* RootView.swift in Sources */ = {isa = PBXBuildFile; fileRef = A83DBFA570B7D1FC8C1B982E /* RootView.swift */; };
		B66166D73B4EA442733F7227 /* StorageSnapshot.swift in Sources */ = {isa = PBXBuildFile; fileRef = 3CA55212085EC652E3BF665B /* StorageSnapshot.swift */; };
		B8B2BD2A67D944848F4BD859 /* PhotoSelectionModel.swift in Sources */ = {isa = PBXBuildFile; fileRef = A717930C7B8C70586F273164 /* PhotoSelectionModel.swift */; };
		BED43FEE68D05A9BB8B1EEBD /* BestPhotoScoringTests.swift in Sources */ = {isa = PBXBuildFile; fileRef = 946932D807CD166442661DCC /* BestPhotoScoringTests.swift */; };
		CA41D6DE6BCF17141005C6BE /* ThumbnailStore.swift in Sources */ = {isa = PBXBuildFile; fileRef = CF93ABF5FA51D538805F9030 /* ThumbnailStore.swift */; };
		CADB2F4DCA5652DAA4F4E0FD /* ScanPhase.swift in Sources */ = {isa = PBXBuildFile; fileRef = 6FE893E2B201D24B3E55898E /* ScanPhase.swift */; };
		CDEB41BC84DCF7808C1FE6B9 /* DeletionFlowTests.swift in Sources */ = {isa = PBXBuildFile; fileRef = 87EA3125EC9E458C82A87DAA /* DeletionFlowTests.swift */; };
		CFB36EFE2384EFBEC42DEC4D /* DeletionServiceTests.swift in Sources */ = {isa = PBXBuildFile; fileRef = E7E42F1A6842109414056DC3 /* DeletionServiceTests.swift */; };
		CFC0950A3767A933EF549406 /* PhotoSimilarityEngineTests.swift in Sources */ = {isa = PBXBuildFile; fileRef = F180C4F89499F0F7864F0E31 /* PhotoSimilarityEngineTests.swift */; };
		D06F299E68937E8EFB450134 /* PhotoDeletionService.swift in Sources */ = {isa = PBXBuildFile; fileRef = F46B10B5900513A25D9F1D3F /* PhotoDeletionService.swift */; };
		D09031F6FF7BCD4F453F9426 /* NettoApp.swift in Sources */ = {isa = PBXBuildFile; fileRef = C030C39E4F548858F25F4262 /* NettoApp.swift */; };
		D14BCD01223460C075B19B1A /* PhotoLibraryProvider.swift in Sources */ = {isa = PBXBuildFile; fileRef = 943F7FE812E150FB04ED08A0 /* PhotoLibraryProvider.swift */; };
		D7A97C34AA54D9E6FD5E9C24 /* SimilarPhotosView.swift in Sources */ = {isa = PBXBuildFile; fileRef = E82042FCC36E879AB7C286B5 /* SimilarPhotosView.swift */; };
		DDA530BB8122260AE8D4B268 /* PhotoAnalysisModels.swift in Sources */ = {isa = PBXBuildFile; fileRef = DA6E0C90E92F3A5F86C9A812 /* PhotoAnalysisModels.swift */; };
		DDB6EDB8DAC0AEDE4340863D /* PhotoCatalogTests.swift in Sources */ = {isa = PBXBuildFile; fileRef = 247D387ED1588AB57AE00C27 /* PhotoCatalogTests.swift */; };
		E22F04471698C27FF7AEB7E3 /* DeletionPresentation.swift in Sources */ = {isa = PBXBuildFile; fileRef = C9636D406FC012A5A2A7B0A6 /* DeletionPresentation.swift */; };
		E27A7E3A02AB9E0FC5D0F241 /* CandidateBucketsTests.swift in Sources */ = {isa = PBXBuildFile; fileRef = 79397A40046B7AFA13ABDF4D /* CandidateBucketsTests.swift */; };
		F37088C35C7874EE40C139E3 /* PhotoKitContentFingerprinterTests.swift in Sources */ = {isa = PBXBuildFile; fileRef = 93CC37536EFB4F317F2DD204 /* PhotoKitContentFingerprinterTests.swift */; };
		F414539B771CB8179413D226 /* SimilarityGrouping.swift in Sources */ = {isa = PBXBuildFile; fileRef = 2AE5D5803EBF0E001E46312D /* SimilarityGrouping.swift */; };
		F61FA8F08C5333C9CEB40F7A /* DeletionStateTests.swift in Sources */ = {isa = PBXBuildFile; fileRef = 0FC6DE6CB7EF6EC2B6ADAEB0 /* DeletionStateTests.swift */; };
		F76B4342C6B3C0254A33212A /* PhotoLibraryPermissionService.swift in Sources */ = {isa = PBXBuildFile; fileRef = 5BCCEF4B411E88BE77EBD2EA /* PhotoLibraryPermissionService.swift */; };
		FFDA3EC5B4C341B4E4D1BC00 /* PhotoCatalogBuilder.swift in Sources */ = {isa = PBXBuildFile; fileRef = 431A6DA9A2CA3C744FBF877C /* PhotoCatalogBuilder.swift */; };
/* End PBXBuildFile section */

/* Begin PBXContainerItemProxy section */
		E24F1C7E0E4EB1F0267812A5 /* PBXContainerItemProxy */ = {
			isa = PBXContainerItemProxy;
			containerPortal = A6C3853DA8D95082108DA10F /* Project object */;
			proxyType = 1;
			remoteGlobalIDString = 3E18C8E14263B709C87035B4;
			remoteInfo = Netto;
		};
/* End PBXContainerItemProxy section */

/* Begin PBXFileReference section */
		09642FE6A1B0F2A3193A82BF /* Theme.swift */ = {isa = PBXFileReference; lastKnownFileType = sourcecode.swift; path = Theme.swift; sourceTree = "<group>"; };
		0FC6DE6CB7EF6EC2B6ADAEB0 /* DeletionStateTests.swift */ = {isa = PBXFileReference; lastKnownFileType = sourcecode.swift; path = DeletionStateTests.swift; sourceTree = "<group>"; };
		14AEB207B447845D11F9DEDF /* CatalogScanState.swift */ = {isa = PBXFileReference; lastKnownFileType = sourcecode.swift; path = CatalogScanState.swift; sourceTree = "<group>"; };
		17F429B710E347326529434D /* PendingPhotoRequest.swift */ = {isa = PBXFileReference; lastKnownFileType = sourcecode.swift; path = PendingPhotoRequest.swift; sourceTree = "<group>"; };
		1D0321EF7CA5B8B4470112DB /* DeletionState.swift */ = {isa = PBXFileReference; lastKnownFileType = sourcecode.swift; path = DeletionState.swift; sourceTree = "<group>"; };
		1E39F5E4C991D6BEC4232803 /* Info.plist */ = {isa = PBXFileReference; lastKnownFileType = text.plist; path = Info.plist; sourceTree = "<group>"; };
		22885AA788B579D39A49ABA3 /* PhotoKitContentFingerprinter.swift */ = {isa = PBXFileReference; lastKnownFileType = sourcecode.swift; path = PhotoKitContentFingerprinter.swift; sourceTree = "<group>"; };
		247D387ED1588AB57AE00C27 /* PhotoCatalogTests.swift */ = {isa = PBXFileReference; lastKnownFileType = sourcecode.swift; path = PhotoCatalogTests.swift; sourceTree = "<group>"; };
		25260E35251723605222E84D /* PhotoAssetRecord.swift */ = {isa = PBXFileReference; lastKnownFileType = sourcecode.swift; path = PhotoAssetRecord.swift; sourceTree = "<group>"; };
		2AE5D5803EBF0E001E46312D /* SimilarityGrouping.swift */ = {isa = PBXFileReference; lastKnownFileType = sourcecode.swift; path = SimilarityGrouping.swift; sourceTree = "<group>"; };
		2D4A3D3599E58D56494B43CC /* DeletionPlan.swift */ = {isa = PBXFileReference; lastKnownFileType = sourcecode.swift; path = DeletionPlan.swift; sourceTree = "<group>"; };
		36BC1A1097EB647693501776 /* ContactsPermissionService.swift */ = {isa = PBXFileReference; lastKnownFileType = sourcecode.swift; path = ContactsPermissionService.swift; sourceTree = "<group>"; };
		3A199F5C27A8B05DE17D006B /* PhotoFeatureExtractor.swift */ = {isa = PBXFileReference; lastKnownFileType = sourcecode.swift; path = PhotoFeatureExtractor.swift; sourceTree = "<group>"; };
		3C376C12DF3E6CB22CBF9FD5 /* ContentFingerprintTests.swift */ = {isa = PBXFileReference; lastKnownFileType = sourcecode.swift; path = ContentFingerprintTests.swift; sourceTree = "<group>"; };
		3CA55212085EC652E3BF665B /* StorageSnapshot.swift */ = {isa = PBXFileReference; lastKnownFileType = sourcecode.swift; path = StorageSnapshot.swift; sourceTree = "<group>"; };
		3F868C13A2E5CFCE085D446B /* SimilarityGroupingTests.swift */ = {isa = PBXFileReference; lastKnownFileType = sourcecode.swift; path = SimilarityGroupingTests.swift; sourceTree = "<group>"; };
		40CAC5C0C03A90EA94BA1A13 /* SimilarPhotosFlowTests.swift */ = {isa = PBXFileReference; lastKnownFileType = sourcecode.swift; path = SimilarPhotosFlowTests.swift; sourceTree = "<group>"; };
		414C49886FBC1A85F0F7FE2C /* FeaturePrintTests.swift */ = {isa = PBXFileReference; lastKnownFileType = sourcecode.swift; path = FeaturePrintTests.swift; sourceTree = "<group>"; };
		4182805472F9FBB0BA7646FC /* VisionPhotoFeatureExtractorTests.swift */ = {isa = PBXFileReference; lastKnownFileType = sourcecode.swift; path = VisionPhotoFeatureExtractorTests.swift; sourceTree = "<group>"; };
		431A6DA9A2CA3C744FBF877C /* PhotoCatalogBuilder.swift */ = {isa = PBXFileReference; lastKnownFileType = sourcecode.swift; path = PhotoCatalogBuilder.swift; sourceTree = "<group>"; };
		4A77729FA13A1CE1366F5B9D /* PhotoAnalysisInstrumentation.swift */ = {isa = PBXFileReference; lastKnownFileType = sourcecode.swift; path = PhotoAnalysisInstrumentation.swift; sourceTree = "<group>"; };
		4BF2EAEE97F67E474801542C /* DashboardView.swift */ = {isa = PBXFileReference; lastKnownFileType = sourcecode.swift; path = DashboardView.swift; sourceTree = "<group>"; };
		4E449B11B0B1BC422B08AF14 /* AppFlowState.swift */ = {isa = PBXFileReference; lastKnownFileType = sourcecode.swift; path = AppFlowState.swift; sourceTree = "<group>"; };
		500A8B5DAAC6C788646AC806 /* CandidateBuckets.swift */ = {isa = PBXFileReference; lastKnownFileType = sourcecode.swift; path = CandidateBuckets.swift; sourceTree = "<group>"; };
		506C282CBE3E31B208667CEC /* Assets.xcassets */ = {isa = PBXFileReference; lastKnownFileType = folder.assetcatalog; path = Assets.xcassets; sourceTree = "<group>"; };
		51FDA2CDBFB20CE5195B1A76 /* PhotoSelectionModelTests.swift */ = {isa = PBXFileReference; lastKnownFileType = sourcecode.swift; path = PhotoSelectionModelTests.swift; sourceTree = "<group>"; };
		594128439C64BC2C9B6A0471 /* Netto.app */ = {isa = PBXFileReference; includeInIndex = 0; lastKnownFileType = wrapper.application; path = Netto.app; sourceTree = BUILT_PRODUCTS_DIR; };
		5BCCEF4B411E88BE77EBD2EA /* PhotoLibraryPermissionService.swift */ = {isa = PBXFileReference; lastKnownFileType = sourcecode.swift; path = PhotoLibraryPermissionService.swift; sourceTree = "<group>"; };
		619C162A4F1D1818F86968BE /* SimilarPhotosPresentation.swift */ = {isa = PBXFileReference; lastKnownFileType = sourcecode.swift; path = SimilarPhotosPresentation.swift; sourceTree = "<group>"; };
		64FCCD23E5A31301B125E973 /* StorageProvider.swift */ = {isa = PBXFileReference; lastKnownFileType = sourcecode.swift; path = StorageProvider.swift; sourceTree = "<group>"; };
		668B4D6E0B71B9D844D2E4B2 /* ReviewSelectionView.swift */ = {isa = PBXFileReference; lastKnownFileType = sourcecode.swift; path = ReviewSelectionView.swift; sourceTree = "<group>"; };
		6FE893E2B201D24B3E55898E /* ScanPhase.swift */ = {isa = PBXFileReference; lastKnownFileType = sourcecode.swift; path = ScanPhase.swift; sourceTree = "<group>"; };
		76F7818E681D32F084ECD5E2 /* DeletionPlanTests.swift */ = {isa = PBXFileReference; lastKnownFileType = sourcecode.swift; path = DeletionPlanTests.swift; sourceTree = "<group>"; };
		79397A40046B7AFA13ABDF4D /* CandidateBucketsTests.swift */ = {isa = PBXFileReference; lastKnownFileType = sourcecode.swift; path = CandidateBucketsTests.swift; sourceTree = "<group>"; };
		7B632CEF701ED1C6442BB4BF /* AssetSizeProvider.swift */ = {isa = PBXFileReference; lastKnownFileType = sourcecode.swift; path = AssetSizeProvider.swift; sourceTree = "<group>"; };
		7CD17CC7FB81BFD5B3B93A0E /* BestPhotoScoring.swift */ = {isa = PBXFileReference; lastKnownFileType = sourcecode.swift; path = BestPhotoScoring.swift; sourceTree = "<group>"; };
		84AADD4415ED6A64E9AB8BFE /* PhotoDetailView.swift */ = {isa = PBXFileReference; lastKnownFileType = sourcecode.swift; path = PhotoDetailView.swift; sourceTree = "<group>"; };
		87EA3125EC9E458C82A87DAA /* DeletionFlowTests.swift */ = {isa = PBXFileReference; lastKnownFileType = sourcecode.swift; path = DeletionFlowTests.swift; sourceTree = "<group>"; };
		915A8A98769292540909E275 /* PreviewData.swift */ = {isa = PBXFileReference; lastKnownFileType = sourcecode.swift; path = PreviewData.swift; sourceTree = "<group>"; };
		93CC37536EFB4F317F2DD204 /* PhotoKitContentFingerprinterTests.swift */ = {isa = PBXFileReference; lastKnownFileType = sourcecode.swift; path = PhotoKitContentFingerprinterTests.swift; sourceTree = "<group>"; };
		943F7FE812E150FB04ED08A0 /* PhotoLibraryProvider.swift */ = {isa = PBXFileReference; lastKnownFileType = sourcecode.swift; path = PhotoLibraryProvider.swift; sourceTree = "<group>"; };
		946932D807CD166442661DCC /* BestPhotoScoringTests.swift */ = {isa = PBXFileReference; lastKnownFileType = sourcecode.swift; path = BestPhotoScoringTests.swift; sourceTree = "<group>"; };
		998225ABFF03688423C72365 /* SimilarPhotoGroupRow.swift */ = {isa = PBXFileReference; lastKnownFileType = sourcecode.swift; path = SimilarPhotoGroupRow.swift; sourceTree = "<group>"; };
		A42507B99358B78FF150FFE1 /* ScanResultSummary.swift */ = {isa = PBXFileReference; lastKnownFileType = sourcecode.swift; path = ScanResultSummary.swift; sourceTree = "<group>"; };
		A717930C7B8C70586F273164 /* PhotoSelectionModel.swift */ = {isa = PBXFileReference; lastKnownFileType = sourcecode.swift; path = PhotoSelectionModel.swift; sourceTree = "<group>"; };
		A83DBFA570B7D1FC8C1B982E /* RootView.swift */ = {isa = PBXFileReference; lastKnownFileType = sourcecode.swift; path = RootView.swift; sourceTree = "<group>"; };
		AC5F3EE89D5A9D59F323B80A /* PhotoKitThumbnailLoaderTests.swift */ = {isa = PBXFileReference; lastKnownFileType = sourcecode.swift; path = PhotoKitThumbnailLoaderTests.swift; sourceTree = "<group>"; };
		AE519B787BA6F89B1633FEE2 /* PrivacyInfo.xcprivacy */ = {isa = PBXFileReference; path = PrivacyInfo.xcprivacy; sourceTree = "<group>"; };
		AF585D09B7C82CD64963379A /* FoundationTests.swift */ = {isa = PBXFileReference; lastKnownFileType = sourcecode.swift; path = FoundationTests.swift; sourceTree = "<group>"; };
		B1053E09D9E26BB566294829 /* PendingPhotoRequestTests.swift */ = {isa = PBXFileReference; lastKnownFileType = sourcecode.swift; path = PendingPhotoRequestTests.swift; sourceTree = "<group>"; };
		B16504B05A053CB11CE11431 /* PhotoSimilarityEngine.swift */ = {isa = PBXFileReference; lastKnownFileType = sourcecode.swift; path = PhotoSimilarityEngine.swift; sourceTree = "<group>"; };
		B1E2A1C0855CA25170E0A43D /* DeletionPlanner.swift */ = {isa = PBXFileReference; lastKnownFileType = sourcecode.swift; path = DeletionPlanner.swift; sourceTree = "<group>"; };
		BD56D425E7D69DD8688AE332 /* NettoTests.xctest */ = {isa = PBXFileReference; includeInIndex = 0; lastKnownFileType = wrapper.cfbundle; path = NettoTests.xctest; sourceTree = BUILT_PRODUCTS_DIR; };
		C030C39E4F548858F25F4262 /* NettoApp.swift */ = {isa = PBXFileReference; lastKnownFileType = sourcecode.swift; path = NettoApp.swift; sourceTree = "<group>"; };
		C4CCD35607D150B656BA4392 /* PhotoThumbnailView.swift */ = {isa = PBXFileReference; lastKnownFileType = sourcecode.swift; path = PhotoThumbnailView.swift; sourceTree = "<group>"; };
		C940CC912C8193F903920986 /* PhotoKitThumbnailLoader.swift */ = {isa = PBXFileReference; lastKnownFileType = sourcecode.swift; path = PhotoKitThumbnailLoader.swift; sourceTree = "<group>"; };
		C9636D406FC012A5A2A7B0A6 /* DeletionPresentation.swift */ = {isa = PBXFileReference; lastKnownFileType = sourcecode.swift; path = DeletionPresentation.swift; sourceTree = "<group>"; };
		CF93ABF5FA51D538805F9030 /* ThumbnailStore.swift */ = {isa = PBXFileReference; lastKnownFileType = sourcecode.swift; path = ThumbnailStore.swift; sourceTree = "<group>"; };
		D202FD6123AE5CF299B9590F /* PermissionTypes.swift */ = {isa = PBXFileReference; lastKnownFileType = sourcecode.swift; path = PermissionTypes.swift; sourceTree = "<group>"; };
		DA6E0C90E92F3A5F86C9A812 /* PhotoAnalysisModels.swift */ = {isa = PBXFileReference; lastKnownFileType = sourcecode.swift; path = PhotoAnalysisModels.swift; sourceTree = "<group>"; };
		E1D60DA68E726F32FE29F9ED /* CleanupCategory.swift */ = {isa = PBXFileReference; lastKnownFileType = sourcecode.swift; path = CleanupCategory.swift; sourceTree = "<group>"; };
		E7E42F1A6842109414056DC3 /* DeletionServiceTests.swift */ = {isa = PBXFileReference; lastKnownFileType = sourcecode.swift; path = DeletionServiceTests.swift; sourceTree = "<group>"; };
		E82042FCC36E879AB7C286B5 /* SimilarPhotosView.swift */ = {isa = PBXFileReference; lastKnownFileType = sourcecode.swift; path = SimilarPhotosView.swift; sourceTree = "<group>"; };
		EBE3A4CE30F4416BF49C15E8 /* ThumbnailStoreTests.swift */ = {isa = PBXFileReference; lastKnownFileType = sourcecode.swift; path = ThumbnailStoreTests.swift; sourceTree = "<group>"; };
		F180C4F89499F0F7864F0E31 /* PhotoSimilarityEngineTests.swift */ = {isa = PBXFileReference; lastKnownFileType = sourcecode.swift; path = PhotoSimilarityEngineTests.swift; sourceTree = "<group>"; };
		F46B10B5900513A25D9F1D3F /* PhotoDeletionService.swift */ = {isa = PBXFileReference; lastKnownFileType = sourcecode.swift; path = PhotoDeletionService.swift; sourceTree = "<group>"; };
		FB4D47BF1817B180CFFDF486 /* FeaturePrint.swift */ = {isa = PBXFileReference; lastKnownFileType = sourcecode.swift; path = FeaturePrint.swift; sourceTree = "<group>"; };
		FE1A5B6D2B3430AA64C823B2 /* ContentFingerprint.swift */ = {isa = PBXFileReference; lastKnownFileType = sourcecode.swift; path = ContentFingerprint.swift; sourceTree = "<group>"; };
/* End PBXFileReference section */

/* Begin PBXGroup section */
		1431D4EFF64419B66E77009D /* UI */ = {
			isa = PBXGroup;
			children = (
				986758EBDF75F7A4D5A84CA8 /* Theme */,
			);
			path = UI;
			sourceTree = "<group>";
		};
		26B3B084C64B205445CB64CD /* SimilarPhotos */ = {
			isa = PBXGroup;
			children = (
				C9636D406FC012A5A2A7B0A6 /* DeletionPresentation.swift */,
				84AADD4415ED6A64E9AB8BFE /* PhotoDetailView.swift */,
				C4CCD35607D150B656BA4392 /* PhotoThumbnailView.swift */,
				915A8A98769292540909E275 /* PreviewData.swift */,
				668B4D6E0B71B9D844D2E4B2 /* ReviewSelectionView.swift */,
				998225ABFF03688423C72365 /* SimilarPhotoGroupRow.swift */,
				619C162A4F1D1818F86968BE /* SimilarPhotosPresentation.swift */,
				E82042FCC36E879AB7C286B5 /* SimilarPhotosView.swift */,
			);
			path = SimilarPhotos;
			sourceTree = "<group>";
		};
		2BACF8361B82AA5BB48DCFDD /* Deletion */ = {
			isa = PBXGroup;
			children = (
				2D4A3D3599E58D56494B43CC /* DeletionPlan.swift */,
				B1E2A1C0855CA25170E0A43D /* DeletionPlanner.swift */,
				1D0321EF7CA5B8B4470112DB /* DeletionState.swift */,
				F46B10B5900513A25D9F1D3F /* PhotoDeletionService.swift */,
			);
			path = Deletion;
			sourceTree = "<group>";
		};
		3748CBDCD0BA1311124CF910 /* Netto */ = {
			isa = PBXGroup;
			children = (
				63D465293441E997B76206EE /* App */,
				3EABBC300859E57EF5368E9F /* Core */,
				A5C7D819C1ABC0B74669F5FE /* Features */,
				7A891E7D49DD316148C752FF /* Models */,
				F993D913AF69BC330693DB90 /* Resources */,
				1431D4EFF64419B66E77009D /* UI */,
				506C282CBE3E31B208667CEC /* Assets.xcassets */,
				1E39F5E4C991D6BEC4232803 /* Info.plist */,
			);
			path = Netto;
			sourceTree = "<group>";
		};
		3EABBC300859E57EF5368E9F /* Core */ = {
			isa = PBXGroup;
			children = (
				2BACF8361B82AA5BB48DCFDD /* Deletion */,
				C2EA01FA3D7CAB376E6C06E0 /* Permissions */,
				8F58C2E9142A1BB65082B24F /* Photos */,
				FE4DFA6429A8257C1AF2C223 /* Scanning */,
				6A12B3AE92A1207AEAF3DF6A /* Storage */,
			);
			path = Core;
			sourceTree = "<group>";
		};
		42C81FE5009045C73FE7964E /* Products */ = {
			isa = PBXGroup;
			children = (
				594128439C64BC2C9B6A0471 /* Netto.app */,
				BD56D425E7D69DD8688AE332 /* NettoTests.xctest */,
			);
			name = Products;
			sourceTree = "<group>";
		};
		48FF485BD30B045C677921A1 /* Photos */ = {
			isa = PBXGroup;
			children = (
				26B3B084C64B205445CB64CD /* SimilarPhotos */,
			);
			path = Photos;
			sourceTree = "<group>";
		};
		63D465293441E997B76206EE /* App */ = {
			isa = PBXGroup;
			children = (
				4E449B11B0B1BC422B08AF14 /* AppFlowState.swift */,
				C030C39E4F548858F25F4262 /* NettoApp.swift */,
				A83DBFA570B7D1FC8C1B982E /* RootView.swift */,
			);
			path = App;
			sourceTree = "<group>";
		};
		6606EA4E1CE0C97B7FB352A8 /* Dashboard */ = {
			isa = PBXGroup;
			children = (
				4BF2EAEE97F67E474801542C /* DashboardView.swift */,
			);
			path = Dashboard;
			sourceTree = "<group>";
		};
		6A12B3AE92A1207AEAF3DF6A /* Storage */ = {
			isa = PBXGroup;
			children = (
				64FCCD23E5A31301B125E973 /* StorageProvider.swift */,
				3CA55212085EC652E3BF665B /* StorageSnapshot.swift */,
			);
			path = Storage;
			sourceTree = "<group>";
		};
		77DFBF3C298E11328B981EFC = {
			isa = PBXGroup;
			children = (
				3748CBDCD0BA1311124CF910 /* Netto */,
				94EFC6E5E6C8AEAEA78AA62B /* NettoTests */,
				42C81FE5009045C73FE7964E /* Products */,
			);
			sourceTree = "<group>";
		};
		7A891E7D49DD316148C752FF /* Models */ = {
			isa = PBXGroup;
			children = (
				E1D60DA68E726F32FE29F9ED /* CleanupCategory.swift */,
			);
			path = Models;
			sourceTree = "<group>";
		};
		7D69E8D9F0B7856A6A8D5966 /* Analysis */ = {
			isa = PBXGroup;
			children = (
				7CD17CC7FB81BFD5B3B93A0E /* BestPhotoScoring.swift */,
				500A8B5DAAC6C788646AC806 /* CandidateBuckets.swift */,
				FE1A5B6D2B3430AA64C823B2 /* ContentFingerprint.swift */,
				FB4D47BF1817B180CFFDF486 /* FeaturePrint.swift */,
				4A77729FA13A1CE1366F5B9D /* PhotoAnalysisInstrumentation.swift */,
				DA6E0C90E92F3A5F86C9A812 /* PhotoAnalysisModels.swift */,
				3A199F5C27A8B05DE17D006B /* PhotoFeatureExtractor.swift */,
				22885AA788B579D39A49ABA3 /* PhotoKitContentFingerprinter.swift */,
				C940CC912C8193F903920986 /* PhotoKitThumbnailLoader.swift */,
				B16504B05A053CB11CE11431 /* PhotoSimilarityEngine.swift */,
				2AE5D5803EBF0E001E46312D /* SimilarityGrouping.swift */,
			);
			path = Analysis;
			sourceTree = "<group>";
		};
		8F58C2E9142A1BB65082B24F /* Photos */ = {
			isa = PBXGroup;
			children = (
				7D69E8D9F0B7856A6A8D5966 /* Analysis */,
				7B632CEF701ED1C6442BB4BF /* AssetSizeProvider.swift */,
				14AEB207B447845D11F9DEDF /* CatalogScanState.swift */,
				17F429B710E347326529434D /* PendingPhotoRequest.swift */,
				25260E35251723605222E84D /* PhotoAssetRecord.swift */,
				431A6DA9A2CA3C744FBF877C /* PhotoCatalogBuilder.swift */,
				943F7FE812E150FB04ED08A0 /* PhotoLibraryProvider.swift */,
				A717930C7B8C70586F273164 /* PhotoSelectionModel.swift */,
				CF93ABF5FA51D538805F9030 /* ThumbnailStore.swift */,
			);
			path = Photos;
			sourceTree = "<group>";
		};
		94EFC6E5E6C8AEAEA78AA62B /* NettoTests */ = {
			isa = PBXGroup;
			children = (
				946932D807CD166442661DCC /* BestPhotoScoringTests.swift */,
				79397A40046B7AFA13ABDF4D /* CandidateBucketsTests.swift */,
				3C376C12DF3E6CB22CBF9FD5 /* ContentFingerprintTests.swift */,
				87EA3125EC9E458C82A87DAA /* DeletionFlowTests.swift */,
				76F7818E681D32F084ECD5E2 /* DeletionPlanTests.swift */,
				E7E42F1A6842109414056DC3 /* DeletionServiceTests.swift */,
				0FC6DE6CB7EF6EC2B6ADAEB0 /* DeletionStateTests.swift */,
				414C49886FBC1A85F0F7FE2C /* FeaturePrintTests.swift */,
				AF585D09B7C82CD64963379A /* FoundationTests.swift */,
				B1053E09D9E26BB566294829 /* PendingPhotoRequestTests.swift */,
				247D387ED1588AB57AE00C27 /* PhotoCatalogTests.swift */,
				93CC37536EFB4F317F2DD204 /* PhotoKitContentFingerprinterTests.swift */,
				AC5F3EE89D5A9D59F323B80A /* PhotoKitThumbnailLoaderTests.swift */,
				51FDA2CDBFB20CE5195B1A76 /* PhotoSelectionModelTests.swift */,
				F180C4F89499F0F7864F0E31 /* PhotoSimilarityEngineTests.swift */,
				3F868C13A2E5CFCE085D446B /* SimilarityGroupingTests.swift */,
				40CAC5C0C03A90EA94BA1A13 /* SimilarPhotosFlowTests.swift */,
				EBE3A4CE30F4416BF49C15E8 /* ThumbnailStoreTests.swift */,
				4182805472F9FBB0BA7646FC /* VisionPhotoFeatureExtractorTests.swift */,
			);
			path = NettoTests;
			sourceTree = "<group>";
		};
		986758EBDF75F7A4D5A84CA8 /* Theme */ = {
			isa = PBXGroup;
			children = (
				09642FE6A1B0F2A3193A82BF /* Theme.swift */,
			);
			path = Theme;
			sourceTree = "<group>";
		};
		A5C7D819C1ABC0B74669F5FE /* Features */ = {
			isa = PBXGroup;
			children = (
				6606EA4E1CE0C97B7FB352A8 /* Dashboard */,
				48FF485BD30B045C677921A1 /* Photos */,
			);
			path = Features;
			sourceTree = "<group>";
		};
		C2EA01FA3D7CAB376E6C06E0 /* Permissions */ = {
			isa = PBXGroup;
			children = (
				36BC1A1097EB647693501776 /* ContactsPermissionService.swift */,
				D202FD6123AE5CF299B9590F /* PermissionTypes.swift */,
				5BCCEF4B411E88BE77EBD2EA /* PhotoLibraryPermissionService.swift */,
			);
			path = Permissions;
			sourceTree = "<group>";
		};
		F993D913AF69BC330693DB90 /* Resources */ = {
			isa = PBXGroup;
			children = (
				AE519B787BA6F89B1633FEE2 /* PrivacyInfo.xcprivacy */,
			);
			path = Resources;
			sourceTree = "<group>";
		};
		FE4DFA6429A8257C1AF2C223 /* Scanning */ = {
			isa = PBXGroup;
			children = (
				6FE893E2B201D24B3E55898E /* ScanPhase.swift */,
				A42507B99358B78FF150FFE1 /* ScanResultSummary.swift */,
			);
			path = Scanning;
			sourceTree = "<group>";
		};
/* End PBXGroup section */

/* Begin PBXNativeTarget section */
		187411129C89294BCB00AE9F /* NettoTests */ = {
			isa = PBXNativeTarget;
			buildConfigurationList = 9A5DD9AF0FE4D2AAE8872856 /* Build configuration list for PBXNativeTarget "NettoTests" */;
			buildPhases = (
				2149E903F6A13B0BD95B49DA /* Sources */,
			);
			buildRules = (
			);
			dependencies = (
				57F937E537A336E5B8377F35 /* PBXTargetDependency */,
			);
			name = NettoTests;
			packageProductDependencies = (
			);
			productName = NettoTests;
			productReference = BD56D425E7D69DD8688AE332 /* NettoTests.xctest */;
			productType = "com.apple.product-type.bundle.unit-test";
		};
		3E18C8E14263B709C87035B4 /* Netto */ = {
			isa = PBXNativeTarget;
			buildConfigurationList = 24DD015A60A646C7024E6C5E /* Build configuration list for PBXNativeTarget "Netto" */;
			buildPhases = (
				E8D13E2ACF334D5080CA71D8 /* Sources */,
				F2EBCE8A94CB37BFE5877285 /* Resources */,
			);
			buildRules = (
			);
			dependencies = (
			);
			name = Netto;
			packageProductDependencies = (
			);
			productName = Netto;
			productReference = 594128439C64BC2C9B6A0471 /* Netto.app */;
			productType = "com.apple.product-type.application";
		};
/* End PBXNativeTarget section */

/* Begin PBXProject section */
		A6C3853DA8D95082108DA10F /* Project object */ = {
			isa = PBXProject;
			attributes = {
				BuildIndependentTargetsInParallel = YES;
				LastUpgradeCheck = 1430;
				TargetAttributes = {
					187411129C89294BCB00AE9F = {
						DevelopmentTeam = "";
						ProvisioningStyle = Automatic;
					};
					3E18C8E14263B709C87035B4 = {
						DevelopmentTeam = "";
						ProvisioningStyle = Automatic;
					};
				};
			};
			buildConfigurationList = 54ACA6B14FE2B4A245E60D30 /* Build configuration list for PBXProject "Netto" */;
			developmentRegion = en;
			hasScannedForEncodings = 0;
			knownRegions = (
				Base,
				en,
			);
			mainGroup = 77DFBF3C298E11328B981EFC;
			minimizedProjectReferenceProxies = 1;
			preferredProjectObjectVersion = 77;
			productRefGroup = 42C81FE5009045C73FE7964E /* Products */;
			projectDirPath = "";
			projectRoot = "";
			targets = (
				3E18C8E14263B709C87035B4 /* Netto */,
				187411129C89294BCB00AE9F /* NettoTests */,
			);
		};
/* End PBXProject section */

/* Begin PBXResourcesBuildPhase section */
		F2EBCE8A94CB37BFE5877285 /* Resources */ = {
			isa = PBXResourcesBuildPhase;
			buildActionMask = 2147483647;
			files = (
				62B243344AEB07EB95519181 /* Assets.xcassets in Resources */,
				85D968C92D0661B8EB23A30B /* PrivacyInfo.xcprivacy in Resources */,
			);
			runOnlyForDeploymentPostprocessing = 0;
		};
/* End PBXResourcesBuildPhase section */

/* Begin PBXSourcesBuildPhase section */
		2149E903F6A13B0BD95B49DA /* Sources */ = {
			isa = PBXSourcesBuildPhase;
			buildActionMask = 2147483647;
			files = (
				BED43FEE68D05A9BB8B1EEBD /* BestPhotoScoringTests.swift in Sources */,
				E27A7E3A02AB9E0FC5D0F241 /* CandidateBucketsTests.swift in Sources */,
				042F5E4296C65CFA5E2055D3 /* ContentFingerprintTests.swift in Sources */,
				CDEB41BC84DCF7808C1FE6B9 /* DeletionFlowTests.swift in Sources */,
				91B69BFAC804F27BEBB3F95E /* DeletionPlanTests.swift in Sources */,
				CFB36EFE2384EFBEC42DEC4D /* DeletionServiceTests.swift in Sources */,
				F61FA8F08C5333C9CEB40F7A /* DeletionStateTests.swift in Sources */,
				3935CD5A17EEB98A2D2898B7 /* FeaturePrintTests.swift in Sources */,
				551F4EB5F30AFDB83F7D323D /* FoundationTests.swift in Sources */,
				91259EE930151B42586986EC /* PendingPhotoRequestTests.swift in Sources */,
				DDB6EDB8DAC0AEDE4340863D /* PhotoCatalogTests.swift in Sources */,
				F37088C35C7874EE40C139E3 /* PhotoKitContentFingerprinterTests.swift in Sources */,
				525D7C3186D16C9F4FD48788 /* PhotoKitThumbnailLoaderTests.swift in Sources */,
				3A44991E78E838146F3F89C9 /* PhotoSelectionModelTests.swift in Sources */,
				CFC0950A3767A933EF549406 /* PhotoSimilarityEngineTests.swift in Sources */,
				3EA190358D3FCF453FF34CB2 /* SimilarPhotosFlowTests.swift in Sources */,
				87B6E0E2B637D9972ACC06A7 /* SimilarityGroupingTests.swift in Sources */,
				74D3FA254BA920E7D9B8C705 /* ThumbnailStoreTests.swift in Sources */,
				51A21AFD35657F7D8E6B2366 /* VisionPhotoFeatureExtractorTests.swift in Sources */,
			);
			runOnlyForDeploymentPostprocessing = 0;
		};
		E8D13E2ACF334D5080CA71D8 /* Sources */ = {
			isa = PBXSourcesBuildPhase;
			buildActionMask = 2147483647;
			files = (
				3D476B0B56472175CC7A0E2E /* AppFlowState.swift in Sources */,
				028525730B588887B78ED390 /* AssetSizeProvider.swift in Sources */,
				323262842FBCDF9A4A23C87B /* BestPhotoScoring.swift in Sources */,
				0CF46D5C23D0966DC2874C56 /* CandidateBuckets.swift in Sources */,
				353CC60BFD994FBED3D16739 /* CatalogScanState.swift in Sources */,
				54D57675D54EDADE8C8997FE /* CleanupCategory.swift in Sources */,
				102A364614DB97CDDDAFFF4E /* ContactsPermissionService.swift in Sources */,
				AD0F17C6DC169E94352EBD92 /* ContentFingerprint.swift in Sources */,
				605D6C5F0E89DB24302114E6 /* DashboardView.swift in Sources */,
				6BDF0396CCFC385DB76C2FE9 /* DeletionPlan.swift in Sources */,
				462AD510CB428CD390BCCBA3 /* DeletionPlanner.swift in Sources */,
				E22F04471698C27FF7AEB7E3 /* DeletionPresentation.swift in Sources */,
				38772CABF1097FEFE2E41A21 /* DeletionState.swift in Sources */,
				60DDF322DF698CA658F87958 /* FeaturePrint.swift in Sources */,
				D09031F6FF7BCD4F453F9426 /* NettoApp.swift in Sources */,
				869B8617D698F3EAD625B40D /* PendingPhotoRequest.swift in Sources */,
				366EE930F5E2B80BCF0FBDD4 /* PermissionTypes.swift in Sources */,
				2555162948995CBCC4640006 /* PhotoAnalysisInstrumentation.swift in Sources */,
				DDA530BB8122260AE8D4B268 /* PhotoAnalysisModels.swift in Sources */,
				4FB24556E97BD5EF9EE428F0 /* PhotoAssetRecord.swift in Sources */,
				FFDA3EC5B4C341B4E4D1BC00 /* PhotoCatalogBuilder.swift in Sources */,
				D06F299E68937E8EFB450134 /* PhotoDeletionService.swift in Sources */,
				8209B7AD451247E9771C0B88 /* PhotoDetailView.swift in Sources */,
				74F1BBBD525AD06A67D46A68 /* PhotoFeatureExtractor.swift in Sources */,
				23D8E7E50A3F964C11878C4E /* PhotoKitContentFingerprinter.swift in Sources */,
				914B70BFB07AFEA3E367AAE2 /* PhotoKitThumbnailLoader.swift in Sources */,
				F76B4342C6B3C0254A33212A /* PhotoLibraryPermissionService.swift in Sources */,
				D14BCD01223460C075B19B1A /* PhotoLibraryProvider.swift in Sources */,
				B8B2BD2A67D944848F4BD859 /* PhotoSelectionModel.swift in Sources */,
				A0F1B4C56AB218E88651928C /* PhotoSimilarityEngine.swift in Sources */,
				53312A98ED4CC7E9E5489D01 /* PhotoThumbnailView.swift in Sources */,
				7CEECDE1FDEE628D8897453F /* PreviewData.swift in Sources */,
				8E940160B2FE43C6B2BA197B /* ReviewSelectionView.swift in Sources */,
				B5DEE3E76AA55C9AC5976712 /* RootView.swift in Sources */,
				CADB2F4DCA5652DAA4F4E0FD /* ScanPhase.swift in Sources */,
				AAC3802F2BF3979F4A7712AA /* ScanResultSummary.swift in Sources */,
				63CC983A98F1C062F6FC111F /* SimilarPhotoGroupRow.swift in Sources */,
				9FBC898B86364B0DDF3288F8 /* SimilarPhotosPresentation.swift in Sources */,
				D7A97C34AA54D9E6FD5E9C24 /* SimilarPhotosView.swift in Sources */,
				F414539B771CB8179413D226 /* SimilarityGrouping.swift in Sources */,
				717F21B31FD0CBD2CDEE6999 /* StorageProvider.swift in Sources */,
				B66166D73B4EA442733F7227 /* StorageSnapshot.swift in Sources */,
				AF286A62520DEA1094121F7C /* Theme.swift in Sources */,
				CA41D6DE6BCF17141005C6BE /* ThumbnailStore.swift in Sources */,
			);
			runOnlyForDeploymentPostprocessing = 0;
		};
/* End PBXSourcesBuildPhase section */

/* Begin PBXTargetDependency section */
		57F937E537A336E5B8377F35 /* PBXTargetDependency */ = {
			isa = PBXTargetDependency;
			target = 3E18C8E14263B709C87035B4 /* Netto */;
			targetProxy = E24F1C7E0E4EB1F0267812A5 /* PBXContainerItemProxy */;
		};
/* End PBXTargetDependency section */

/* Begin XCBuildConfiguration section */
		72AECCA60E4DAB4A0C77CE56 /* Release */ = {
			isa = XCBuildConfiguration;
			buildSettings = {
				BUNDLE_LOADER = "$(TEST_HOST)";
				GENERATE_INFOPLIST_FILE = YES;
				LD_RUNPATH_SEARCH_PATHS = (
					"$(inherited)",
					"@executable_path/Frameworks",
					"@loader_path/Frameworks",
				);
				PRODUCT_BUNDLE_IDENTIFIER = com.netto.app.tests;
				SDKROOT = iphoneos;
				TARGETED_DEVICE_FAMILY = "1,2";
				TEST_HOST = "$(BUILT_PRODUCTS_DIR)/Netto.app/Netto";
			};
			name = Release;
		};
		9B18E7D2C7253DCCBD6E1BFB /* Debug */ = {
			isa = XCBuildConfiguration;
			buildSettings = {
				BUNDLE_LOADER = "$(TEST_HOST)";
				GENERATE_INFOPLIST_FILE = YES;
				LD_RUNPATH_SEARCH_PATHS = (
					"$(inherited)",
					"@executable_path/Frameworks",
					"@loader_path/Frameworks",
				);
				PRODUCT_BUNDLE_IDENTIFIER = com.netto.app.tests;
				SDKROOT = iphoneos;
				TARGETED_DEVICE_FAMILY = "1,2";
				TEST_HOST = "$(BUILT_PRODUCTS_DIR)/Netto.app/Netto";
			};
			name = Debug;
		};
		A925E81D6835AB62FDA35D3B /* Release */ = {
			isa = XCBuildConfiguration;
			buildSettings = {
				ALWAYS_SEARCH_USER_PATHS = NO;
				CLANG_ANALYZER_NONNULL = YES;
				CLANG_ANALYZER_NUMBER_OBJECT_CONVERSION = YES_AGGRESSIVE;
				CLANG_CXX_LANGUAGE_STANDARD = "gnu++14";
				CLANG_CXX_LIBRARY = "libc++";
				CLANG_ENABLE_MODULES = YES;
				CLANG_ENABLE_OBJC_ARC = YES;
				CLANG_ENABLE_OBJC_WEAK = YES;
				CLANG_WARN_BLOCK_CAPTURE_AUTORELEASING = YES;
				CLANG_WARN_BOOL_CONVERSION = YES;
				CLANG_WARN_COMMA = YES;
				CLANG_WARN_CONSTANT_CONVERSION = YES;
				CLANG_WARN_DEPRECATED_OBJC_IMPLEMENTATIONS = YES;
				CLANG_WARN_DIRECT_OBJC_ISA_USAGE = YES_ERROR;
				CLANG_WARN_DOCUMENTATION_COMMENTS = YES;
				CLANG_WARN_EMPTY_BODY = YES;
				CLANG_WARN_ENUM_CONVERSION = YES;
				CLANG_WARN_INFINITE_RECURSION = YES;
				CLANG_WARN_INT_CONVERSION = YES;
				CLANG_WARN_NON_LITERAL_NULL_CONVERSION = YES;
				CLANG_WARN_OBJC_IMPLICIT_RETAIN_SELF = YES;
				CLANG_WARN_OBJC_LITERAL_CONVERSION = YES;
				CLANG_WARN_OBJC_ROOT_CLASS = YES_ERROR;
				CLANG_WARN_QUOTED_INCLUDE_IN_FRAMEWORK_HEADER = YES;
				CLANG_WARN_RANGE_LOOP_ANALYSIS = YES;
				CLANG_WARN_STRICT_PROTOTYPES = YES;
				CLANG_WARN_SUSPICIOUS_MOVE = YES;
				CLANG_WARN_UNGUARDED_AVAILABILITY = YES_AGGRESSIVE;
				CLANG_WARN_UNREACHABLE_CODE = YES;
				CLANG_WARN__DUPLICATE_METHOD_MATCH = YES;
				CODE_SIGN_STYLE = Automatic;
				COPY_PHASE_STRIP = NO;
				CURRENT_PROJECT_VERSION = 1;
				DEBUG_INFORMATION_FORMAT = "dwarf-with-dsym";
				DEVELOPMENT_TEAM = "";
				ENABLE_NS_ASSERTIONS = NO;
				ENABLE_STRICT_OBJC_MSGSEND = YES;
				ENABLE_USER_SCRIPT_SANDBOXING = YES;
				GCC_C_LANGUAGE_STANDARD = gnu11;
				GCC_NO_COMMON_BLOCKS = YES;
				GCC_WARN_64_TO_32_BIT_CONVERSION = YES;
				GCC_WARN_ABOUT_RETURN_TYPE = YES_ERROR;
				GCC_WARN_UNDECLARED_SELECTOR = YES;
				GCC_WARN_UNINITIALIZED_AUTOS = YES_AGGRESSIVE;
				GCC_WARN_UNUSED_FUNCTION = YES;
				GCC_WARN_UNUSED_VARIABLE = YES;
				IPHONEOS_DEPLOYMENT_TARGET = 17.0;
				MARKETING_VERSION = 1.0;
				MTL_ENABLE_DEBUG_INFO = NO;
				MTL_FAST_MATH = YES;
				PRODUCT_NAME = "$(TARGET_NAME)";
				SDKROOT = iphoneos;
				SUPPORTS_DESIGNED_FOR_IPHONE_IPAD = NO;
				SUPPORTS_MACCATALYST = NO;
				SWIFT_COMPILATION_MODE = wholemodule;
				SWIFT_OPTIMIZATION_LEVEL = "-O";
				SWIFT_STRICT_CONCURRENCY = complete;
				SWIFT_UPCOMING_FEATURE_MEMBER_IMPORT_VISIBILITY = YES;
				SWIFT_VERSION = 6.0;
				TARGETED_DEVICE_FAMILY = 1;
			};
			name = Release;
		};
		AC73E4009115C6958265FD8B /* Release */ = {
			isa = XCBuildConfiguration;
			buildSettings = {
				ASSETCATALOG_COMPILER_APPICON_NAME = AppIcon;
				ASSETCATALOG_COMPILER_GLOBAL_ACCENT_COLOR_NAME = AccentColor;
				CODE_SIGN_IDENTITY = "iPhone Developer";
				CURRENT_PROJECT_VERSION = 1;
				ENABLE_PREVIEWS = YES;
				GENERATE_INFOPLIST_FILE = NO;
				INFOPLIST_FILE = Netto/Info.plist;
				LD_RUNPATH_SEARCH_PATHS = (
					"$(inherited)",
					"@executable_path/Frameworks",
				);
				PRODUCT_BUNDLE_IDENTIFIER = com.netto.app;
				PRODUCT_NAME = Netto;
				SDKROOT = iphoneos;
				TARGETED_DEVICE_FAMILY = "1,2";
			};
			name = Release;
		};
		D3EF034ECB79DBC1F97932F5 /* Debug */ = {
			isa = XCBuildConfiguration;
			buildSettings = {
				ASSETCATALOG_COMPILER_APPICON_NAME = AppIcon;
				ASSETCATALOG_COMPILER_GLOBAL_ACCENT_COLOR_NAME = AccentColor;
				CODE_SIGN_IDENTITY = "iPhone Developer";
				CURRENT_PROJECT_VERSION = 1;
				ENABLE_PREVIEWS = YES;
				GENERATE_INFOPLIST_FILE = NO;
				INFOPLIST_FILE = Netto/Info.plist;
				LD_RUNPATH_SEARCH_PATHS = (
					"$(inherited)",
					"@executable_path/Frameworks",
				);
				PRODUCT_BUNDLE_IDENTIFIER = com.netto.app;
				PRODUCT_NAME = Netto;
				SDKROOT = iphoneos;
				TARGETED_DEVICE_FAMILY = "1,2";
			};
			name = Debug;
		};
		EFD6B5FC94FD1FA3B6EF5252 /* Debug */ = {
			isa = XCBuildConfiguration;
			buildSettings = {
				ALWAYS_SEARCH_USER_PATHS = NO;
				CLANG_ANALYZER_NONNULL = YES;
				CLANG_ANALYZER_NUMBER_OBJECT_CONVERSION = YES_AGGRESSIVE;
				CLANG_CXX_LANGUAGE_STANDARD = "gnu++14";
				CLANG_CXX_LIBRARY = "libc++";
				CLANG_ENABLE_MODULES = YES;
				CLANG_ENABLE_OBJC_ARC = YES;
				CLANG_ENABLE_OBJC_WEAK = YES;
				CLANG_WARN_BLOCK_CAPTURE_AUTORELEASING = YES;
				CLANG_WARN_BOOL_CONVERSION = YES;
				CLANG_WARN_COMMA = YES;
				CLANG_WARN_CONSTANT_CONVERSION = YES;
				CLANG_WARN_DEPRECATED_OBJC_IMPLEMENTATIONS = YES;
				CLANG_WARN_DIRECT_OBJC_ISA_USAGE = YES_ERROR;
				CLANG_WARN_DOCUMENTATION_COMMENTS = YES;
				CLANG_WARN_EMPTY_BODY = YES;
				CLANG_WARN_ENUM_CONVERSION = YES;
				CLANG_WARN_INFINITE_RECURSION = YES;
				CLANG_WARN_INT_CONVERSION = YES;
				CLANG_WARN_NON_LITERAL_NULL_CONVERSION = YES;
				CLANG_WARN_OBJC_IMPLICIT_RETAIN_SELF = YES;
				CLANG_WARN_OBJC_LITERAL_CONVERSION = YES;
				CLANG_WARN_OBJC_ROOT_CLASS = YES_ERROR;
				CLANG_WARN_QUOTED_INCLUDE_IN_FRAMEWORK_HEADER = YES;
				CLANG_WARN_RANGE_LOOP_ANALYSIS = YES;
				CLANG_WARN_STRICT_PROTOTYPES = YES;
				CLANG_WARN_SUSPICIOUS_MOVE = YES;
				CLANG_WARN_UNGUARDED_AVAILABILITY = YES_AGGRESSIVE;
				CLANG_WARN_UNREACHABLE_CODE = YES;
				CLANG_WARN__DUPLICATE_METHOD_MATCH = YES;
				CODE_SIGN_STYLE = Automatic;
				COPY_PHASE_STRIP = NO;
				CURRENT_PROJECT_VERSION = 1;
				DEBUG_INFORMATION_FORMAT = dwarf;
				DEVELOPMENT_TEAM = "";
				ENABLE_STRICT_OBJC_MSGSEND = YES;
				ENABLE_TESTABILITY = YES;
				ENABLE_USER_SCRIPT_SANDBOXING = YES;
				GCC_C_LANGUAGE_STANDARD = gnu11;
				GCC_DYNAMIC_NO_PIC = NO;
				GCC_NO_COMMON_BLOCKS = YES;
				GCC_OPTIMIZATION_LEVEL = 0;
				GCC_PREPROCESSOR_DEFINITIONS = (
					"$(inherited)",
					"DEBUG=1",
				);
				GCC_WARN_64_TO_32_BIT_CONVERSION = YES;
				GCC_WARN_ABOUT_RETURN_TYPE = YES_ERROR;
				GCC_WARN_UNDECLARED_SELECTOR = YES;
				GCC_WARN_UNINITIALIZED_AUTOS = YES_AGGRESSIVE;
				GCC_WARN_UNUSED_FUNCTION = YES;
				GCC_WARN_UNUSED_VARIABLE = YES;
				IPHONEOS_DEPLOYMENT_TARGET = 17.0;
				MARKETING_VERSION = 1.0;
				MTL_ENABLE_DEBUG_INFO = INCLUDE_SOURCE;
				MTL_FAST_MATH = YES;
				ONLY_ACTIVE_ARCH = YES;
				PRODUCT_NAME = "$(TARGET_NAME)";
				SDKROOT = iphoneos;
				SUPPORTS_DESIGNED_FOR_IPHONE_IPAD = NO;
				SUPPORTS_MACCATALYST = NO;
				SWIFT_ACTIVE_COMPILATION_CONDITIONS = DEBUG;
				SWIFT_OPTIMIZATION_LEVEL = "-Onone";
				SWIFT_STRICT_CONCURRENCY = complete;
				SWIFT_UPCOMING_FEATURE_MEMBER_IMPORT_VISIBILITY = YES;
				SWIFT_VERSION = 6.0;
				TARGETED_DEVICE_FAMILY = 1;
			};
			name = Debug;
		};
/* End XCBuildConfiguration section */

/* Begin XCConfigurationList section */
		24DD015A60A646C7024E6C5E /* Build configuration list for PBXNativeTarget "Netto" */ = {
			isa = XCConfigurationList;
			buildConfigurations = (
				D3EF034ECB79DBC1F97932F5 /* Debug */,
				AC73E4009115C6958265FD8B /* Release */,
			);
			defaultConfigurationIsVisible = 0;
			defaultConfigurationName = Debug;
		};
		54ACA6B14FE2B4A245E60D30 /* Build configuration list for PBXProject "Netto" */ = {
			isa = XCConfigurationList;
			buildConfigurations = (
				EFD6B5FC94FD1FA3B6EF5252 /* Debug */,
				A925E81D6835AB62FDA35D3B /* Release */,
			);
			defaultConfigurationIsVisible = 0;
			defaultConfigurationName = Debug;
		};
		9A5DD9AF0FE4D2AAE8872856 /* Build configuration list for PBXNativeTarget "NettoTests" */ = {
			isa = XCConfigurationList;
			buildConfigurations = (
				9B18E7D2C7253DCCBD6E1BFB /* Debug */,
				72AECCA60E4DAB4A0C77CE56 /* Release */,
			);
			defaultConfigurationIsVisible = 0;
			defaultConfigurationName = Debug;
		};
/* End XCConfigurationList section */
	};
	rootObject = A6C3853DA8D95082108DA10F /* Project object */;
}
